
Microsoft Visual Studio Solution File, Format Version 12.00
# Visual Studio Version 17
VisualStudioVersion = 17.8.34525.116
MinimumVisualStudioVersion = 10.0.40219.1
Project("{9A19103F-16F7-4668-BE54-9A1E7A4F7556}") = "Route.Talabat.APIs", "Route.Talabat.APIs\Route.Talabat.APIs.csproj", "{CDBF5DDD-3A42-4785-A12F-BB55F74E8CB9}"
EndProject
Project("{9A19103F-16F7-4668-BE54-9A1E7A4F7556}") = "Route.Talabat.Core", "Route.Talabat.Core\Route.Talabat.Core.csproj", "{3CC67512-D0DC-4039-81A4-E6265A74114E}"
EndProject
Project("{9A19103F-16F7-4668-BE54-9A1E7A4F7556}") = "Route.Talabat.Infrastructure", "Route.Talabat.Infrastructure\Route.Talabat.Infrastructure.csproj", "{8FA07B28-1787-4F60-8C54-C76F8016378A}"
EndProject
Project("{9A19103F-16F7-4668-BE54-9A1E7A4F7556}") = "Route.Talabat.Application", "Route.Talabat.Application\Route.Talabat.Application.csproj", "{6C1A4B5E-741D-4A3B-98EA-E7B0ECCF43AE}"
EndProject
Global
	GlobalSection(SolutionConfigurationPlatforms) = preSolution
		Debug|Any CPU = Debug|Any CPU
		Release|Any CPU = Release|Any CPU
	EndGlobalSection
	GlobalSection(ProjectConfigurationPlatforms) = postSolution
		{CDBF5DDD-3A42-4785-A12F-BB55F74E8CB9}.Debug|Any CPU.ActiveCfg = Debug|Any CPU
		{CDBF5DDD-3A42-4785-A12F-BB55F74E8CB9}.Debug|Any CPU.Build.0 = Debug|Any CPU
		{CDBF5DDD-3A42-4785-A12F-BB55F74E8CB9}.Release|Any CPU.ActiveCfg = Release|Any CPU
		{CDBF5DDD-3A42-4785-A12F-BB55F74E8CB9}.Release|Any CPU.Build.0 = Release|Any CPU
		{3CC67512-D0DC-4039-81A4-E6265A74114E}.Debug|Any CPU.ActiveCfg = Debug|Any CPU
		{3CC67512-D0DC-4039-81A4-E6265A74114E}.Debug|Any CPU.Build.0 = Debug|Any CPU
		{3CC67512-D0DC-4039-81A4-E6265A74114E}.Release|Any CPU.ActiveCfg = Release|Any CPU
		{3CC67512-D0DC-4039-81A4-E6265A74114E}.Release|Any CPU.Build.0 = Release|Any CPU
		{8FA07B28-1787-4F60-8C54-C76F8016378A}.Debug|Any CPU.ActiveCfg = Debug|Any CPU
		{8FA07B28-1787-4F60-8C54-C76F8016378A}.Debug|Any CPU.Build.0 = Debug|Any CPU
		{8FA07B28-1787-4F60-8C54-C76F8016378A}.Release|Any CPU.ActiveCfg = Release|Any CPU
		{8FA07B28-1787-4F60-8C54-C76F8016378A}.Release|Any CPU.Build.0 = Release|Any CPU
		{6C1A4B5E-741D-4A3B-98EA-E7B0ECCF43AE}.Debug|Any CPU.ActiveCfg = Debug|Any CPU
		{6C1A4B5E-741D-4A3B-98EA-E7B0ECCF43AE}.Debug|Any CPU.Build.0 = Debug|Any CPU
		{6C1A4B5E-741D-4A3B-98EA-E7B0ECCF43AE}.Release|Any CPU.ActiveCfg = Release|Any CPU
		{6C1A4B5E-741D-4A3B-98EA-E7B0ECCF43AE}.Release|Any CPU.Build.0 = Release|Any CPU
	EndGlobalSection
	GlobalSection(SolutionProperties) = preSolution
		HideSolutionNode = FALSE
	EndGlobalSection
	GlobalSection(ExtensibilityGlobals) = postSolution
		SolutionGuid = {8A01AC94-3041-4648-8962-3497B7820511}
	EndGlobalSection
EndGlobal
